
Microsoft Visual Studio Solution File, Format Version 12.00
# Visual Studio Version 17
VisualStudioVersion = 17.3.32804.467
MinimumVisualStudioVersion = 10.0.40219.1
Project("{FAE04EC0-301F-11D3-BF4B-00C04F79EFBC}") = "STRAZH_LIB", "STRAZH_LIB.csproj", "{B3BFBA43-9A21-465C-B8A4-791366DB71F7}"
EndProject
Global
	GlobalSection(SolutionConfigurationPlatforms) = preSolution
		Debug|Any CPU = Debug|Any CPU
		Debug|x64 = Debug|x64
		Debug32Bit|Any CPU = Debug32Bit|Any CPU
		Debug32Bit|x64 = Debug32Bit|x64
		Release|Any CPU = Release|Any CPU
		Release|x64 = Release|x64
	EndGlobalSection
	GlobalSection(ProjectConfigurationPlatforms) = postSolution
		{B3BFBA43-9A21-465C-B8A4-791366DB71F7}.Debug|Any CPU.ActiveCfg = Debug|Any CPU
		{B3BFBA43-9A21-465C-B8A4-791366DB71F7}.Debug|Any CPU.Build.0 = Debug|Any CPU
		{B3BFBA43-9A21-465C-B8A4-791366DB71F7}.Debug|x64.ActiveCfg = Debug|x64
		{B3BFBA43-9A21-465C-B8A4-791366DB71F7}.Debug|x64.Build.0 = Debug|x64
		{B3BFBA43-9A21-465C-B8A4-791366DB71F7}.Debug32Bit|Any CPU.ActiveCfg = Debug32Bit|Any CPU
		{B3BFBA43-9A21-465C-B8A4-791366DB71F7}.Debug32Bit|Any CPU.Build.0 = Debug32Bit|Any CPU
		{B3BFBA43-9A21-465C-B8A4-791366DB71F7}.Debug32Bit|x64.ActiveCfg = Debug32Bit|x64
		{B3BFBA43-9A21-465C-B8A4-791366DB71F7}.Debug32Bit|x64.Build.0 = Debug32Bit|x64
		{B3BFBA43-9A21-465C-B8A4-791366DB71F7}.Release|Any CPU.ActiveCfg = Release|Any CPU
		{B3BFBA43-9A21-465C-B8A4-791366DB71F7}.Release|Any CPU.Build.0 = Release|Any CPU
		{B3BFBA43-9A21-465C-B8A4-791366DB71F7}.Release|x64.ActiveCfg = Release|x64
		{B3BFBA43-9A21-465C-B8A4-791366DB71F7}.Release|x64.Build.0 = Release|x64
	EndGlobalSection
	GlobalSection(SolutionProperties) = preSolution
		HideSolutionNode = FALSE
	EndGlobalSection
	GlobalSection(ExtensibilityGlobals) = postSolution
		SolutionGuid = {51A18AD2-3C6B-42F7-9E9A-609BE2ACA664}
	EndGlobalSection
EndGlobal
